
Microsoft Visual Studio Solution File, Format Version 12.00
# Visual Studio Version 17
VisualStudioVersion = 17.0.32112.339
MinimumVisualStudioVersion = 10.0.40219.1
Project("{FAE04EC0-301F-11D3-BF4B-00C04F79EFBC}") = "Assignmentt2", "Assignmentt2.csproj", "{AC9C4CD0-1BE6-4E6B-925E-8452D4E2904B}"
EndProject
Global
	GlobalSection(SolutionConfigurationPlatforms) = preSolution
		Debug|Any CPU = Debug|Any CPU
		Release|Any CPU = Release|Any CPU
	EndGlobalSection
	GlobalSection(ProjectConfigurationPlatforms) = postSolution
		{AC9C4CD0-1BE6-4E6B-925E-8452D4E2904B}.Debug|Any CPU.ActiveCfg = Debug|Any CPU
		{AC9C4CD0-1BE6-4E6B-925E-8452D4E2904B}.Debug|Any CPU.Build.0 = Debug|Any CPU
		{AC9C4CD0-1BE6-4E6B-925E-8452D4E2904B}.Release|Any CPU.ActiveCfg = Release|Any CPU
		{AC9C4CD0-1BE6-4E6B-925E-8452D4E2904B}.Release|Any CPU.Build.0 = Release|Any CPU
	EndGlobalSection
	GlobalSection(SolutionProperties) = preSolution
		HideSolutionNode = FALSE
	EndGlobalSection
	GlobalSection(ExtensibilityGlobals) = postSolution
		SolutionGuid = {8613D388-4F38-4CB5-BF49-A21F112D4AAB}
	EndGlobalSection
EndGlobal
